// !$*UTF8*$!
{
	archiveVersion = 1;
	classes = {
	};
	objectVersion = 51;
	objects = {

/* Begin PBXBuildFile section */
		696344042502E6270093DE52 /* AppDelegate.swift in Sources */ = {isa = PBXBuildFile; fileRef = 696344032502E6270093DE52 /* AppDelegate.swift */; };
		696344062502E6270093DE52 /* SceneDelegate.swift in Sources */ = {isa = PBXBuildFile; fileRef = 696344052502E6270093DE52 /* SceneDelegate.swift */; };
		696344082502E6270093DE52 /* ViewController.swift in Sources */ = {isa = PBXBuildFile; fileRef = 696344072502E6270093DE52 /* ViewController.swift */; };
		6963440B2502E6270093DE52 /* Main.storyboard in Resources */ = {isa = PBXBuildFile; fileRef = 696344092502E6270093DE52 /* Main.storyboard */; };
		6963440D2502E6330093DE52 /* Assets.xcassets in Resources */ = {isa = PBXBuildFile; fileRef = 6963440C2502E6330093DE52 /* Assets.xcassets */; };
		696344102502E6330093DE52 /* LaunchScreen.storyboard in Resources */ = {isa = PBXBuildFile; fileRef = 6963440E2502E6330093DE52 /* LaunchScreen.storyboard */; };
		6989D13F2509B5C800A76633 /* DrinkScreen.storyboard in Resources */ = {isa = PBXBuildFile; fileRef = 6989D13E2509B5C800A76633 /* DrinkScreen.storyboard */; };
		6989D1432509B7BA00A76633 /* UserInfoViewController.swift in Sources */ = {isa = PBXBuildFile; fileRef = 6989D1422509B7BA00A76633 /* UserInfoViewController.swift */; };
		6989D1452509B97200A76633 /* DrinkScreenViewController.swift in Sources */ = {isa = PBXBuildFile; fileRef = 6989D1442509B97200A76633 /* DrinkScreenViewController.swift */; };
		699532A32564878B0084900E /* ProfileViewController.swift in Sources */ = {isa = PBXBuildFile; fileRef = 699532A22564878B0084900E /* ProfileViewController.swift */; };
		699DBBE0254912190089643B /* GoogleService-Info.plist in Resources */ = {isa = PBXBuildFile; fileRef = 699DBBDF254912190089643B /* GoogleService-Info.plist */; };
		69BFD14F252D060C002BAE52 /* FriendsViewController.swift in Sources */ = {isa = PBXBuildFile; fileRef = 69BFD14E252D060C002BAE52 /* FriendsViewController.swift */; };
		76C2386CF618110CB2B3F15C /* Pods_BAC_Calculator.framework in Frameworks */ = {isa = PBXBuildFile; fileRef = DE2BD368185C5C9A80CC5241 /* Pods_BAC_Calculator.framework */; };
/* End PBXBuildFile section */

/* Begin PBXFileReference section */
		1819966BF6F14861344E90A8 /* Pods-BAC Calculator.release.xcconfig */ = {isa = PBXFileReference; includeInIndex = 1; lastKnownFileType = text.xcconfig; name = "Pods-BAC Calculator.release.xcconfig"; path = "Target Support Files/Pods-BAC Calculator/Pods-BAC Calculator.release.xcconfig"; sourceTree = "<group>"; };
		696344002502E6270093DE52 /* BAC Calculator.app */ = {isa = PBXFileReference; explicitFileType = wrapper.application; includeInIndex = 0; path = "BAC Calculator.app"; sourceTree = BUILT_PRODUCTS_DIR; };
		696344032502E6270093DE52 /* AppDelegate.swift */ = {isa = PBXFileReference; lastKnownFileType = sourcecode.swift; path = AppDelegate.swift; sourceTree = "<group>"; };
		696344052502E6270093DE52 /* SceneDelegate.swift */ = {isa = PBXFileReference; lastKnownFileType = sourcecode.swift; path = SceneDelegate.swift; sourceTree = "<group>"; };
		696344072502E6270093DE52 /* ViewController.swift */ = {isa = PBXFileReference; lastKnownFileType = sourcecode.swift; path = ViewController.swift; sourceTree = "<group>"; };
		6963440A2502E6270093DE52 /* Base */ = {isa = PBXFileReference; lastKnownFileType = file.storyboard; name = Base; path = Base.lproj/Main.storyboard; sourceTree = "<group>"; };
		6963440C2502E6330093DE52 /* Assets.xcassets */ = {isa = PBXFileReference; lastKnownFileType = folder.assetcatalog; path = Assets.xcassets; sourceTree = "<group>"; };
		6963440F2502E6330093DE52 /* Base */ = {isa = PBXFileReference; lastKnownFileType = file.storyboard; name = Base; path = Base.lproj/LaunchScreen.storyboard; sourceTree = "<group>"; };
		696344112502E6330093DE52 /* Info.plist */ = {isa = PBXFileReference; lastKnownFileType = text.plist.xml; path = Info.plist; sourceTree = "<group>"; };
		6989D13E2509B5C800A76633 /* DrinkScreen.storyboard */ = {isa = PBXFileReference; lastKnownFileType = file.storyboard; path = DrinkScreen.storyboard; sourceTree = "<group>"; };
		6989D1422509B7BA00A76633 /* UserInfoViewController.swift */ = {isa = PBXFileReference; lastKnownFileType = sourcecode.swift; path = UserInfoViewController.swift; sourceTree = "<group>"; };
		6989D1442509B97200A76633 /* DrinkScreenViewController.swift */ = {isa = PBXFileReference; lastKnownFileType = sourcecode.swift; path = DrinkScreenViewController.swift; sourceTree = "<group>"; };
		699532A22564878B0084900E /* ProfileViewController.swift */ = {isa = PBXFileReference; lastKnownFileType = sourcecode.swift; path = ProfileViewController.swift; sourceTree = "<group>"; };
		699DBBDF254912190089643B /* GoogleService-Info.plist */ = {isa = PBXFileReference; fileEncoding = 4; lastKnownFileType = text.plist.xml; path = "GoogleService-Info.plist"; sourceTree = "<group>"; };
		69BFD14E252D060C002BAE52 /* FriendsViewController.swift */ = {isa = PBXFileReference; lastKnownFileType = sourcecode.swift; path = FriendsViewController.swift; sourceTree = "<group>"; };
		7EDE6006B9135918EAAAA2A2 /* Pods-BAC Calculator.debug.xcconfig */ = {isa = PBXFileReference; includeInIndex = 1; lastKnownFileType = text.xcconfig; name = "Pods-BAC Calculator.debug.xcconfig"; path = "Target Support Files/Pods-BAC Calculator/Pods-BAC Calculator.debug.xcconfig"; sourceTree = "<group>"; };
		DE2BD368185C5C9A80CC5241 /* Pods_BAC_Calculator.framework */ = {isa = PBXFileReference; explicitFileType = wrapper.framework; includeInIndex = 0; path = Pods_BAC_Calculator.framework; sourceTree = BUILT_PRODUCTS_DIR; };
/* End PBXFileReference section */

/* Begin PBXFrameworksBuildPhase section */
		696343FD2502E6270093DE52 /* Frameworks */ = {
			isa = PBXFrameworksBuildPhase;
			buildActionMask = 2147483647;
			files = (
				76C2386CF618110CB2B3F15C /* Pods_BAC_Calculator.framework in Frameworks */,
			);
			runOnlyForDeploymentPostprocessing = 0;
		};
/* End PBXFrameworksBuildPhase section */

/* Begin PBXGroup section */
		4890061889877E3490BCA177 /* Pods */ = {
			isa = PBXGroup;
			children = (
				7EDE6006B9135918EAAAA2A2 /* Pods-BAC Calculator.debug.xcconfig */,
				1819966BF6F14861344E90A8 /* Pods-BAC Calculator.release.xcconfig */,
			);
			path = Pods;
			sourceTree = "<group>";
		};
		696343F72502E6270093DE52 = {
			isa = PBXGroup;
			children = (
				696344022502E6270093DE52 /* BAC Calculator */,
				696344012502E6270093DE52 /* Products */,
				4890061889877E3490BCA177 /* Pods */,
				7BD64964106FBBD02BD62678 /* Frameworks */,
			);
			sourceTree = "<group>";
		};
		696344012502E6270093DE52 /* Products */ = {
			isa = PBXGroup;
			children = (
				696344002502E6270093DE52 /* BAC Calculator.app */,
			);
			name = Products;
			sourceTree = "<group>";
		};
		696344022502E6270093DE52 /* BAC Calculator */ = {
			isa = PBXGroup;
			children = (
				696344032502E6270093DE52 /* AppDelegate.swift */,
				69BFD14E252D060C002BAE52 /* FriendsViewController.swift */,
				696344052502E6270093DE52 /* SceneDelegate.swift */,
				696344072502E6270093DE52 /* ViewController.swift */,
				6989D1422509B7BA00A76633 /* UserInfoViewController.swift */,
				6989D1442509B97200A76633 /* DrinkScreenViewController.swift */,
				699532A22564878B0084900E /* ProfileViewController.swift */,
				696344092502E6270093DE52 /* Main.storyboard */,
				6989D13E2509B5C800A76633 /* DrinkScreen.storyboard */,
				6963440C2502E6330093DE52 /* Assets.xcassets */,
				6963440E2502E6330093DE52 /* LaunchScreen.storyboard */,
				696344112502E6330093DE52 /* Info.plist */,
				699DBBDF254912190089643B /* GoogleService-Info.plist */,
			);
			path = "BAC Calculator";
			sourceTree = "<group>";
		};
		7BD64964106FBBD02BD62678 /* Frameworks */ = {
			isa = PBXGroup;
			children = (
				DE2BD368185C5C9A80CC5241 /* Pods_BAC_Calculator.framework */,
			);
			name = Frameworks;
			sourceTree = "<group>";
		};
/* End PBXGroup section */

/* Begin PBXNativeTarget section */
		696343FF2502E6270093DE52 /* BAC Calculator */ = {
			isa = PBXNativeTarget;
			buildConfigurationList = 696344142502E6330093DE52 /* Build configuration list for PBXNativeTarget "BAC Calculator" */;
			buildPhases = (
				3008B437089E4B057C22C987 /* [CP] Check Pods Manifest.lock */,
				696343FC2502E6270093DE52 /* Sources */,
				696343FD2502E6270093DE52 /* Frameworks */,
				696343FE2502E6270093DE52 /* Resources */,
				E3D5094B3B5F85751F0EC818 /* [CP] Embed Pods Frameworks */,
				EC228B0153EBE45B97C4763E /* [CP] Copy Pods Resources */,
			);
			buildRules = (
			);
			dependencies = (
			);
			name = "BAC Calculator";
			productName = "BAC Calculator";
			productReference = 696344002502E6270093DE52 /* BAC Calculator.app */;
			productType = "com.apple.product-type.application";
		};
/* End PBXNativeTarget section */

/* Begin PBXProject section */
		696343F82502E6270093DE52 /* Project object */ = {
			isa = PBXProject;
			attributes = {
				LastSwiftUpdateCheck = 1170;
				LastUpgradeCheck = 1170;
				ORGANIZATIONNAME = "Trevor Yandow";
				TargetAttributes = {
					696343FF2502E6270093DE52 = {
						CreatedOnToolsVersion = 11.7;
					};
				};
			};
			buildConfigurationList = 696343FB2502E6270093DE52 /* Build configuration list for PBXProject "BAC Calculator" */;
			compatibilityVersion = "Xcode 9.3";
			developmentRegion = en;
			hasScannedForEncodings = 0;
			knownRegions = (
				en,
				Base,
			);
			mainGroup = 696343F72502E6270093DE52;
			productRefGroup = 696344012502E6270093DE52 /* Products */;
			projectDirPath = "";
			projectRoot = "";
			targets = (
				696343FF2502E6270093DE52 /* BAC Calculator */,
			);
		};
/* End PBXProject section */

/* Begin PBXResourcesBuildPhase section */
		696343FE2502E6270093DE52 /* Resources */ = {
			isa = PBXResourcesBuildPhase;
			buildActionMask = 2147483647;
			files = (
				696344102502E6330093DE52 /* LaunchScreen.storyboard in Resources */,
				6989D13F2509B5C800A76633 /* DrinkScreen.storyboard in Resources */,
				699DBBE0254912190089643B /* GoogleService-Info.plist in Resources */,
				6963440D2502E6330093DE52 /* Assets.xcassets in Resources */,
				6963440B2502E6270093DE52 /* Main.storyboard in Resources */,
			);
			runOnlyForDeploymentPostprocessing = 0;
		};
/* End PBXResourcesBuildPhase section */

/* Begin PBXShellScriptBuildPhase section */
		3008B437089E4B057C22C987 /* [CP] Check Pods Manifest.lock */ = {
			isa = PBXShellScriptBuildPhase;
			buildActionMask = 2147483647;
			files = (
			);
			inputFileListPaths = (
			);
			inputPaths = (
				"${PODS_PODFILE_DIR_PATH}/Podfile.lock",
				"${PODS_ROOT}/Manifest.lock",
			);
			name = "[CP] Check Pods Manifest.lock";
			outputFileListPaths = (
			);
			outputPaths = (
				"$(DERIVED_FILE_DIR)/Pods-BAC Calculator-checkManifestLockResult.txt",
			);
			runOnlyForDeploymentPostprocessing = 0;
			shellPath = /bin/sh;
			shellScript = "diff \"${PODS_PODFILE_DIR_PATH}/Podfile.lock\" \"${PODS_ROOT}/Manifest.lock\" > /dev/null\nif [ $? != 0 ] ; then\n    # print error to STDERR\n    echo \"error: The sandbox is not in sync with the Podfile.lock. Run 'pod install' or update your CocoaPods installation.\" >&2\n    exit 1\nfi\n# This output is used by Xcode 'outputs' to avoid re-running this script phase.\necho \"SUCCESS\" > \"${SCRIPT_OUTPUT_FILE_0}\"\n";
			showEnvVarsInLog = 0;
		};
		E3D5094B3B5F85751F0EC818 /* [CP] Embed Pods Frameworks */ = {
			isa = PBXShellScriptBuildPhase;
			buildActionMask = 2147483647;
			files = (
			);
			inputFileListPaths = (
				"${PODS_ROOT}/Target Support Files/Pods-BAC Calculator/Pods-BAC Calculator-frameworks-${CONFIGURATION}-input-files.xcfilelist",
			);
			name = "[CP] Embed Pods Frameworks";
			outputFileListPaths = (
				"${PODS_ROOT}/Target Support Files/Pods-BAC Calculator/Pods-BAC Calculator-frameworks-${CONFIGURATION}-output-files.xcfilelist",
			);
			runOnlyForDeploymentPostprocessing = 0;
			shellPath = /bin/sh;
			shellScript = "\"${PODS_ROOT}/Target Support Files/Pods-BAC Calculator/Pods-BAC Calculator-frameworks.sh\"\n";
			showEnvVarsInLog = 0;
		};
		EC228B0153EBE45B97C4763E /* [CP] Copy Pods Resources */ = {
			isa = PBXShellScriptBuildPhase;
			buildActionMask = 2147483647;
			files = (
			);
			inputFileListPaths = (
				"${PODS_ROOT}/Target Support Files/Pods-BAC Calculator/Pods-BAC Calculator-resources-${CONFIGURATION}-input-files.xcfilelist",
			);
			name = "[CP] Copy Pods Resources";
			outputFileListPaths = (
				"${PODS_ROOT}/Target Support Files/Pods-BAC Calculator/Pods-BAC Calculator-resources-${CONFIGURATION}-output-files.xcfilelist",
			);
			runOnlyForDeploymentPostprocessing = 0;
			shellPath = /bin/sh;
			shellScript = "\"${PODS_ROOT}/Target Support Files/Pods-BAC Calculator/Pods-BAC Calculator-resources.sh\"\n";
			showEnvVarsInLog = 0;
		};
/* End PBXShellScriptBuildPhase section */

/* Begin PBXSourcesBuildPhase section */
		696343FC2502E6270093DE52 /* Sources */ = {
			isa = PBXSourcesBuildPhase;
			buildActionMask = 2147483647;
			files = (
				6989D1452509B97200A76633 /* DrinkScreenViewController.swift in Sources */,
				696344082502E6270093DE52 /* ViewController.swift in Sources */,
				6989D1432509B7BA00A76633 /* UserInfoViewController.swift in Sources */,
				696344042502E6270093DE52 /* AppDelegate.swift in Sources */,
				699532A32564878B0084900E /* ProfileViewController.swift in Sources */,
				69BFD14F252D060C002BAE52 /* FriendsViewController.swift in Sources */,
				696344062502E6270093DE52 /* SceneDelegate.swift in Sources */,
			);
			runOnlyForDeploymentPostprocessing = 0;
		};
/* End PBXSourcesBuildPhase section */

/* Begin PBXVariantGroup section */
		696344092502E6270093DE52 /* Main.storyboard */ = {
			isa = PBXVariantGroup;
			children = (
				6963440A2502E6270093DE52 /* Base */,
			);
			name = Main.storyboard;
			sourceTree = "<group>";
		};
		6963440E2502E6330093DE52 /* LaunchScreen.storyboard */ = {
			isa = PBXVariantGroup;
			children = (
				6963440F2502E6330093DE52 /* Base */,
			);
			name = LaunchScreen.storyboard;
			sourceTree = "<group>";
		};
/* End PBXVariantGroup section */

/* Begin XCBuildConfiguration section */
		696344122502E6330093DE52 /* Debug */ = {
			isa = XCBuildConfiguration;
			buildSettings = {
				ALWAYS_SEARCH_USER_PATHS = NO;
				CLANG_ANALYZER_NONNULL = YES;
				CLANG_ANALYZER_NUMBER_OBJECT_CONVERSION = YES_AGGRESSIVE;
				CLANG_CXX_LANGUAGE_STANDARD = "gnu++14";
				CLANG_CXX_LIBRARY = "libc++";
				CLANG_ENABLE_MODULES = YES;
				CLANG_ENABLE_OBJC_ARC = YES;
				CLANG_ENABLE_OBJC_WEAK = YES;
				CLANG_WARN_BLOCK_CAPTURE_AUTORELEASING = YES;
				CLANG_WARN_BOOL_CONVERSION = YES;
				CLANG_WARN_COMMA = YES;
				CLANG_WARN_CONSTANT_CONVERSION = YES;
				CLANG_WARN_DEPRECATED_OBJC_IMPLEMENTATIONS = YES;
				CLANG_WARN_DIRECT_OBJC_ISA_USAGE = YES_ERROR;
				CLANG_WARN_DOCUMENTATION_COMMENTS = YES;
				CLANG_WARN_EMPTY_BODY = YES;
				CLANG_WARN_ENUM_CONVERSION = YES;
				CLANG_WARN_INFINITE_RECURSION = YES;
				CLANG_WARN_INT_CONVERSION = YES;
				CLANG_WARN_NON_LITERAL_NULL_CONVERSION = YES;
				CLANG_WARN_OBJC_IMPLICIT_RETAIN_SELF = YES;
				CLANG_WARN_OBJC_LITERAL_CONVERSION = YES;
				CLANG_WARN_OBJC_ROOT_CLASS = YES_ERROR;
				CLANG_WARN_RANGE_LOOP_ANALYSIS = YES;
				CLANG_WARN_STRICT_PROTOTYPES = YES;
				CLANG_WARN_SUSPICIOUS_MOVE = YES;
				CLANG_WARN_UNGUARDED_AVAILABILITY = YES_AGGRESSIVE;
				CLANG_WARN_UNREACHABLE_CODE = YES;
				CLANG_WARN__DUPLICATE_METHOD_MATCH = YES;
				COPY_PHASE_STRIP = NO;
				DEBUG_INFORMATION_FORMAT = dwarf;
				ENABLE_STRICT_OBJC_MSGSEND = YES;
				ENABLE_TESTABILITY = YES;
				GCC_C_LANGUAGE_STANDARD = gnu11;
				GCC_DYNAMIC_NO_PIC = NO;
				GCC_NO_COMMON_BLOCKS = YES;
				GCC_OPTIMIZATION_LEVEL = 0;
				GCC_PREPROCESSOR_DEFINITIONS = (
					"DEBUG=1",
					"$(inherited)",
				);
				GCC_WARN_64_TO_32_BIT_CONVERSION = YES;
				GCC_WARN_ABOUT_RETURN_TYPE = YES_ERROR;
				GCC_WARN_UNDECLARED_SELECTOR = YES;
				GCC_WARN_UNINITIALIZED_AUTOS = YES_AGGRESSIVE;
				GCC_WARN_UNUSED_FUNCTION = YES;
				GCC_WARN_UNUSED_VARIABLE = YES;
				IPHONEOS_DEPLOYMENT_TARGET = 13.7;
				MTL_ENABLE_DEBUG_INFO = INCLUDE_SOURCE;
				MTL_FAST_MATH = YES;
				ONLY_ACTIVE_ARCH = YES;
				SDKROOT = iphoneos;
				SWIFT_ACTIVE_COMPILATION_CONDITIONS = DEBUG;
				SWIFT_OPTIMIZATION_LEVEL = "-Onone";
			};
			name = Debug;
		};
		696344132502E6330093DE52 /* Release */ = {
			isa = XCBuildConfiguration;
			buildSettings = {
				ALWAYS_SEARCH_USER_PATHS = NO;
				CLANG_ANALYZER_NONNULL = YES;
				CLANG_ANALYZER_NUMBER_OBJECT_CONVERSION = YES_AGGRESSIVE;
				CLANG_CXX_LANGUAGE_STANDARD = "gnu++14";
				CLANG_CXX_LIBRARY = "libc++";
				CLANG_ENABLE_MODULES = YES;
				CLANG_ENABLE_OBJC_ARC = YES;
				CLANG_ENABLE_OBJC_WEAK = YES;
				CLANG_WARN_BLOCK_CAPTURE_AUTORELEASING = YES;
				CLANG_WARN_BOOL_CONVERSION = YES;
				CLANG_WARN_COMMA = YES;
				CLANG_WARN_CONSTANT_CONVERSION = YES;
				CLANG_WARN_DEPRECATED_OBJC_IMPLEMENTATIONS = YES;
				CLANG_WARN_DIRECT_OBJC_ISA_USAGE = YES_ERROR;
				CLANG_WARN_DOCUMENTATION_COMMENTS = YES;
				CLANG_WARN_EMPTY_BODY = YES;
				CLANG_WARN_ENUM_CONVERSION = YES;
				CLANG_WARN_INFINITE_RECURSION = YES;
				CLANG_WARN_INT_CONVERSION = YES;
				CLANG_WARN_NON_LITERAL_NULL_CONVERSION = YES;
				CLANG_WARN_OBJC_IMPLICIT_RETAIN_SELF = YES;
				CLANG_WARN_OBJC_LITERAL_CONVERSION = YES;
				CLANG_WARN_OBJC_ROOT_CLASS = YES_ERROR;
				CLANG_WARN_RANGE_LOOP_ANALYSIS = YES;
				CLANG_WARN_STRICT_PROTOTYPES = YES;
				CLANG_WARN_SUSPICIOUS_MOVE = YES;
				CLANG_WARN_UNGUARDED_AVAILABILITY = YES_AGGRESSIVE;
				CLANG_WARN_UNREACHABLE_CODE = YES;
				CLANG_WARN__DUPLICATE_METHOD_MATCH = YES;
				COPY_PHASE_STRIP = NO;
				DEBUG_INFORMATION_FORMAT = "dwarf-with-dsym";
				ENABLE_NS_ASSERTIONS = NO;
				ENABLE_STRICT_OBJC_MSGSEND = YES;
				GCC_C_LANGUAGE_STANDARD = gnu11;
				GCC_NO_COMMON_BLOCKS = YES;
				GCC_WARN_64_TO_32_BIT_CONVERSION = YES;
				GCC_WARN_ABOUT_RETURN_TYPE = YES_ERROR;
				GCC_WARN_UNDECLARED_SELECTOR = YES;
				GCC_WARN_UNINITIALIZED_AUTOS = YES_AGGRESSIVE;
				GCC_WARN_UNUSED_FUNCTION = YES;
				GCC_WARN_UNUSED_VARIABLE = YES;
				IPHONEOS_DEPLOYMENT_TARGET = 13.7;
				MTL_ENABLE_DEBUG_INFO = NO;
				MTL_FAST_MATH = YES;
				SDKROOT = iphoneos;
				SWIFT_COMPILATION_MODE = wholemodule;
				SWIFT_OPTIMIZATION_LEVEL = "-O";
				VALIDATE_PRODUCT = YES;
			};
			name = Release;
		};
		696344152502E6330093DE52 /* Debug */ = {
			isa = XCBuildConfiguration;
			baseConfigurationReference = 7EDE6006B9135918EAAAA2A2 /* Pods-BAC Calculator.debug.xcconfig */;
			buildSettings = {
				ASSETCATALOG_COMPILER_APPICON_NAME = AppIcon;
				CODE_SIGN_STYLE = Automatic;
				DEVELOPMENT_TEAM = P2A65WL5HR;
				INFOPLIST_FILE = "BAC Calculator/Info.plist";
				LD_RUNPATH_SEARCH_PATHS = (
					"$(inherited)",
					"@executable_path/Frameworks",
				);
				PRODUCT_BUNDLE_IDENTIFIER = "com.SeniorProjects.BAC-Calculator";
				PRODUCT_NAME = "$(TARGET_NAME)";
				SWIFT_VERSION = 5.0;
				TARGETED_DEVICE_FAMILY = "1,2";
			};
			name = Debug;
		};
		696344162502E6330093DE52 /* Release */ = {
			isa = XCBuildConfiguration;
			baseConfigurationReference = 1819966BF6F14861344E90A8 /* Pods-BAC Calculator.release.xcconfig */;
			buildSettings = {
				ASSETCATALOG_COMPILER_APPICON_NAME = AppIcon;
				CODE_SIGN_STYLE = Automatic;
				DEVELOPMENT_TEAM = P2A65WL5HR;
				INFOPLIST_FILE = "BAC Calculator/Info.plist";
				LD_RUNPATH_SEARCH_PATHS = (
					"$(inherited)",
					"@executable_path/Frameworks",
				);
				PRODUCT_BUNDLE_IDENTIFIER = "com.SeniorProjects.BAC-Calculator";
				PRODUCT_NAME = "$(TARGET_NAME)";
				SWIFT_VERSION = 5.0;
				TARGETED_DEVICE_FAMILY = "1,2";
			};
			name = Release;
		};
/* End XCBuildConfiguration section */

/* Begin XCConfigurationList section */
		696343FB2502E6270093DE52 /* Build configuration list for PBXProject "BAC Calculator" */ = {
			isa = XCConfigurationList;
			buildConfigurations = (
				696344122502E6330093DE52 /* Debug */,
				696344132502E6330093DE52 /* Release */,
			);
			defaultConfigurationIsVisible = 0;
			defaultConfigurationName = Release;
		};
		696344142502E6330093DE52 /* Build configuration list for PBXNativeTarget "BAC Calculator" */ = {
			isa = XCConfigurationList;
			buildConfigurations = (
				696344152502E6330093DE52 /* Debug */,
				696344162502E6330093DE52 /* Release */,
			);
			defaultConfigurationIsVisible = 0;
			defaultConfigurationName = Release;
		};
/* End XCConfigurationList section */
	};
	rootObject = 696343F82502E6270093DE52 /* Project object */;
}
